// !$*UTF8*$!
{
	archiveVersion = 1;
	classes = {
	};
	objectVersion = 46;
	objects = {

/* Begin PBXBuildFile section */
		288F76FEE0A642E9880244DF /* libPods.a in Frameworks */ = {isa = PBXBuildFile; fileRef = 38A962F720E1426E97B20A22 /* libPods.a */; };
		53092ECE17C29D5F004AF5D1 /* ActivitiesRequest.m in Sources */ = {isa = PBXBuildFile; fileRef = 53092ECD17C29D5F004AF5D1 /* ActivitiesRequest.m */; };
		5310CB4217BB42F6000CD782 /* UIKit.framework in Frameworks */ = {isa = PBXBuildFile; fileRef = 5310CB4117BB42F6000CD782 /* UIKit.framework */; };
		5310CB4417BB42F6000CD782 /* Foundation.framework in Frameworks */ = {isa = PBXBuildFile; fileRef = 5310CB4317BB42F6000CD782 /* Foundation.framework */; };
		5310CB4617BB42F6000CD782 /* CoreGraphics.framework in Frameworks */ = {isa = PBXBuildFile; fileRef = 5310CB4517BB42F6000CD782 /* CoreGraphics.framework */; };
		5310CB4C17BB42F6000CD782 /* InfoPlist.strings in Resources */ = {isa = PBXBuildFile; fileRef = 5310CB4A17BB42F6000CD782 /* InfoPlist.strings */; };
		5310CB4E17BB42F6000CD782 /* main.m in Sources */ = {isa = PBXBuildFile; fileRef = 5310CB4D17BB42F6000CD782 /* main.m */; };
		5310CB5217BB42F6000CD782 /* AppDelegate.m in Sources */ = {isa = PBXBuildFile; fileRef = 5310CB5117BB42F6000CD782 /* AppDelegate.m */; };
		5310CB5417BB42F6000CD782 /* Default.png in Resources */ = {isa = PBXBuildFile; fileRef = 5310CB5317BB42F6000CD782 /* Default.png */; };
		5310CB5617BB42F6000CD782 /* Default@2x.png in Resources */ = {isa = PBXBuildFile; fileRef = 5310CB5517BB42F6000CD782 /* Default@2x.png */; };
		5310CB5817BB42F6000CD782 /* Default-568h@2x.png in Resources */ = {isa = PBXBuildFile; fileRef = 5310CB5717BB42F6000CD782 /* Default-568h@2x.png */; };
		5310CB5B17BB42F6000CD782 /* MainStoryboard_iPhone.storyboard in Resources */ = {isa = PBXBuildFile; fileRef = 5310CB5917BB42F6000CD782 /* MainStoryboard_iPhone.storyboard */; };
		5310CB5E17BB42F6000CD782 /* MainStoryboard_iPad.storyboard in Resources */ = {isa = PBXBuildFile; fileRef = 5310CB5C17BB42F6000CD782 /* MainStoryboard_iPad.storyboard */; };
		5310CB6317BB42F6000CD782 /* first.png in Resources */ = {isa = PBXBuildFile; fileRef = 5310CB6217BB42F6000CD782 /* first.png */; };
		5310CB6517BB42F6000CD782 /* first@2x.png in Resources */ = {isa = PBXBuildFile; fileRef = 5310CB6417BB42F6000CD782 /* first@2x.png */; };
		5310CB6A17BB42F6000CD782 /* second.png in Resources */ = {isa = PBXBuildFile; fileRef = 5310CB6917BB42F6000CD782 /* second.png */; };
		5310CB6C17BB42F6000CD782 /* second@2x.png in Resources */ = {isa = PBXBuildFile; fileRef = 5310CB6B17BB42F6000CD782 /* second@2x.png */; };
		5310CB7417BB42F7000CD782 /* SenTestingKit.framework in Frameworks */ = {isa = PBXBuildFile; fileRef = 5310CB7317BB42F7000CD782 /* SenTestingKit.framework */; };
		5310CB7517BB42F7000CD782 /* UIKit.framework in Frameworks */ = {isa = PBXBuildFile; fileRef = 5310CB4117BB42F6000CD782 /* UIKit.framework */; };
		5310CB7617BB42F7000CD782 /* Foundation.framework in Frameworks */ = {isa = PBXBuildFile; fileRef = 5310CB4317BB42F6000CD782 /* Foundation.framework */; };
		5310CB7E17BB42F7000CD782 /* InfoPlist.strings in Resources */ = {isa = PBXBuildFile; fileRef = 5310CB7C17BB42F7000CD782 /* InfoPlist.strings */; };
		5310CB8117BB42F7000CD782 /* callistoTests.m in Sources */ = {isa = PBXBuildFile; fileRef = 5310CB8017BB42F7000CD782 /* callistoTests.m */; };
		5310CB8B17BB4ABC000CD782 /* cog.png in Resources */ = {isa = PBXBuildFile; fileRef = 5310CB8A17BB4ABC000CD782 /* cog.png */; };
		5324665D17C17E780098DE95 /* User.m in Sources */ = {isa = PBXBuildFile; fileRef = 5324665C17C17E780098DE95 /* User.m */; };
		535528C217C824D6001E336B /* UserRequest.m in Sources */ = {isa = PBXBuildFile; fileRef = 535528C117C824D6001E336B /* UserRequest.m */; };
		535528C517C82999001E336B /* Session.m in Sources */ = {isa = PBXBuildFile; fileRef = 535528C417C82999001E336B /* Session.m */; };
		5389BDF517BDB8A500FC8FBC /* MyActivitiesViewController.m in Sources */ = {isa = PBXBuildFile; fileRef = 5389BDF417BDB8A500FC8FBC /* MyActivitiesViewController.m */; };
		5389BDF817BDB8C900FC8FBC /* LoginViewController.m in Sources */ = {isa = PBXBuildFile; fileRef = 5389BDF717BDB8C900FC8FBC /* LoginViewController.m */; };
		5389BDFC17BE8A0800FC8FBC /* UserActivityCell.m in Sources */ = {isa = PBXBuildFile; fileRef = 5389BDFB17BE8A0800FC8FBC /* UserActivityCell.m */; };
		53BB307717C959450013C564 /* Activity.m in Sources */ = {isa = PBXBuildFile; fileRef = 53BB307617C959450013C564 /* Activity.m */; };
		53BB307A17C964D30013C564 /* Globals.m in Sources */ = {isa = PBXBuildFile; fileRef = 53BB307917C964D30013C564 /* Globals.m */; };
		53BB307E17CA8D6A0013C564 /* callisto.xcdatamodeld in Sources */ = {isa = PBXBuildFile; fileRef = 53BB307C17CA8D6A0013C564 /* callisto.xcdatamodeld */; };
		53CFA52817C098B000882E52 /* LoginRequest.m in Sources */ = {isa = PBXBuildFile; fileRef = 53CFA52717C098B000882E52 /* LoginRequest.m */; };
		53CFA53C17C099C500882E52 /* CFNetwork.framework in Frameworks */ = {isa = PBXBuildFile; fileRef = 53CFA53B17C099C500882E52 /* CFNetwork.framework */; };
		53CFA53E17C099CC00882E52 /* CoreData.framework in Frameworks */ = {isa = PBXBuildFile; fileRef = 53CFA53D17C099CC00882E52 /* CoreData.framework */; };
		53CFA54017C099EA00882E52 /* libxml2.dylib in Frameworks */ = {isa = PBXBuildFile; fileRef = 53CFA53F17C099EA00882E52 /* libxml2.dylib */; };
		53CFA54217C099F000882E52 /* MobileCoreServices.framework in Frameworks */ = {isa = PBXBuildFile; fileRef = 53CFA54117C099F000882E52 /* MobileCoreServices.framework */; };
		53CFA54417C099F800882E52 /* QuartzCore.framework in Frameworks */ = {isa = PBXBuildFile; fileRef = 53CFA54317C099F800882E52 /* QuartzCore.framework */; };
		53CFA54617C09A0000882E52 /* Security.framework in Frameworks */ = {isa = PBXBuildFile; fileRef = 53CFA54517C09A0000882E52 /* Security.framework */; };
		53CFA54817C09B2C00882E52 /* SystemConfiguration.framework in Frameworks */ = {isa = PBXBuildFile; fileRef = 53CFA54717C09B2C00882E52 /* SystemConfiguration.framework */; };
		53FDBC7817C7ED3700BF32C5 /* Utility.m in Sources */ = {isa = PBXBuildFile; fileRef = 53FDBC7717C7ED3700BF32C5 /* Utility.m */; };
		53FDBC7B17C8064100BF32C5 /* UserActivity.m in Sources */ = {isa = PBXBuildFile; fileRef = 53FDBC7A17C8064100BF32C5 /* UserActivity.m */; };
		53FDBC7E17C8067000BF32C5 /* UserActivityViewController.m in Sources */ = {isa = PBXBuildFile; fileRef = 53FDBC7D17C8067000BF32C5 /* UserActivityViewController.m */; };
		53FDBC8117C80FD400BF32C5 /* ActivityViewController.m in Sources */ = {isa = PBXBuildFile; fileRef = 53FDBC8017C80FD400BF32C5 /* ActivityViewController.m */; };
		53FDBC8417C80FE200BF32C5 /* UserViewController.m in Sources */ = {isa = PBXBuildFile; fileRef = 53FDBC8317C80FE200BF32C5 /* UserViewController.m */; };
		53FDBC8717C810DD00BF32C5 /* SettingsViewController.m in Sources */ = {isa = PBXBuildFile; fileRef = 53FDBC8617C810DD00BF32C5 /* SettingsViewController.m */; };
/* End PBXBuildFile section */

/* Begin PBXContainerItemProxy section */
		5310CB7717BB42F7000CD782 /* PBXContainerItemProxy */ = {
			isa = PBXContainerItemProxy;
			containerPortal = 5310CB3617BB42F6000CD782 /* Project object */;
			proxyType = 1;
			remoteGlobalIDString = 5310CB3D17BB42F6000CD782;
			remoteInfo = callisto;
		};
/* End PBXContainerItemProxy section */

/* Begin PBXFileReference section */
		38A962F720E1426E97B20A22 /* libPods.a */ = {isa = PBXFileReference; explicitFileType = archive.ar; includeInIndex = 0; path = libPods.a; sourceTree = BUILT_PRODUCTS_DIR; };
		53092ECC17C29D5F004AF5D1 /* ActivitiesRequest.h */ = {isa = PBXFileReference; fileEncoding = 4; lastKnownFileType = sourcecode.c.h; path = ActivitiesRequest.h; sourceTree = "<group>"; };
		53092ECD17C29D5F004AF5D1 /* ActivitiesRequest.m */ = {isa = PBXFileReference; fileEncoding = 4; lastKnownFileType = sourcecode.c.objc; path = ActivitiesRequest.m; sourceTree = "<group>"; };
		5310CB3E17BB42F6000CD782 /* callisto.app */ = {isa = PBXFileReference; explicitFileType = wrapper.application; includeInIndex = 0; path = callisto.app; sourceTree = BUILT_PRODUCTS_DIR; };
		5310CB4117BB42F6000CD782 /* UIKit.framework */ = {isa = PBXFileReference; lastKnownFileType = wrapper.framework; name = UIKit.framework; path = System/Library/Frameworks/UIKit.framework; sourceTree = SDKROOT; };
		5310CB4317BB42F6000CD782 /* Foundation.framework */ = {isa = PBXFileReference; lastKnownFileType = wrapper.framework; name = Foundation.framework; path = System/Library/Frameworks/Foundation.framework; sourceTree = SDKROOT; };
		5310CB4517BB42F6000CD782 /* CoreGraphics.framework */ = {isa = PBXFileReference; lastKnownFileType = wrapper.framework; name = CoreGraphics.framework; path = System/Library/Frameworks/CoreGraphics.framework; sourceTree = SDKROOT; };
		5310CB4917BB42F6000CD782 /* callisto-Info.plist */ = {isa = PBXFileReference; lastKnownFileType = text.plist.xml; name = "callisto-Info.plist"; path = "callisto/callisto-Info.plist"; sourceTree = "<group>"; };
		5310CB4B17BB42F6000CD782 /* en */ = {isa = PBXFileReference; lastKnownFileType = text.plist.strings; name = en; path = en.lproj/InfoPlist.strings; sourceTree = "<group>"; };
		5310CB4D17BB42F6000CD782 /* main.m */ = {isa = PBXFileReference; lastKnownFileType = sourcecode.c.objc; name = main.m; path = callisto/main.m; sourceTree = "<group>"; };
		5310CB4F17BB42F6000CD782 /* callisto-Prefix.pch */ = {isa = PBXFileReference; lastKnownFileType = sourcecode.c.h; name = "callisto-Prefix.pch"; path = "callisto/callisto-Prefix.pch"; sourceTree = "<group>"; };
		5310CB5017BB42F6000CD782 /* AppDelegate.h */ = {isa = PBXFileReference; lastKnownFileType = sourcecode.c.h; path = AppDelegate.h; sourceTree = "<group>"; };
		5310CB5117BB42F6000CD782 /* AppDelegate.m */ = {isa = PBXFileReference; lastKnownFileType = sourcecode.c.objc; path = AppDelegate.m; sourceTree = "<group>"; };
		5310CB5317BB42F6000CD782 /* Default.png */ = {isa = PBXFileReference; lastKnownFileType = image.png; name = Default.png; path = callisto/Default.png; sourceTree = "<group>"; };
		5310CB5517BB42F6000CD782 /* Default@2x.png */ = {isa = PBXFileReference; lastKnownFileType = image.png; name = "Default@2x.png"; path = "callisto/Default@2x.png"; sourceTree = "<group>"; };
		5310CB5717BB42F6000CD782 /* Default-568h@2x.png */ = {isa = PBXFileReference; lastKnownFileType = image.png; name = "Default-568h@2x.png"; path = "callisto/Default-568h@2x.png"; sourceTree = "<group>"; };
		5310CB5A17BB42F6000CD782 /* en */ = {isa = PBXFileReference; lastKnownFileType = file.storyboard; name = en; path = en.lproj/MainStoryboard_iPhone.storyboard; sourceTree = "<group>"; };
		5310CB5D17BB42F6000CD782 /* en */ = {isa = PBXFileReference; lastKnownFileType = file.storyboard; name = en; path = en.lproj/MainStoryboard_iPad.storyboard; sourceTree = "<group>"; };
		5310CB6217BB42F6000CD782 /* first.png */ = {isa = PBXFileReference; lastKnownFileType = image.png; name = first.png; path = callisto/first.png; sourceTree = "<group>"; };
		5310CB6417BB42F6000CD782 /* first@2x.png */ = {isa = PBXFileReference; lastKnownFileType = image.png; name = "first@2x.png"; path = "callisto/first@2x.png"; sourceTree = "<group>"; };
		5310CB6917BB42F6000CD782 /* second.png */ = {isa = PBXFileReference; lastKnownFileType = image.png; name = second.png; path = callisto/second.png; sourceTree = "<group>"; };
		5310CB6B17BB42F6000CD782 /* second@2x.png */ = {isa = PBXFileReference; lastKnownFileType = image.png; name = "second@2x.png"; path = "callisto/second@2x.png"; sourceTree = "<group>"; };
		5310CB7217BB42F7000CD782 /* callistoTests.octest */ = {isa = PBXFileReference; explicitFileType = wrapper.cfbundle; includeInIndex = 0; path = callistoTests.octest; sourceTree = BUILT_PRODUCTS_DIR; };
		5310CB7317BB42F7000CD782 /* SenTestingKit.framework */ = {isa = PBXFileReference; lastKnownFileType = wrapper.framework; name = SenTestingKit.framework; path = Library/Frameworks/SenTestingKit.framework; sourceTree = DEVELOPER_DIR; };
		5310CB7B17BB42F7000CD782 /* callistoTests-Info.plist */ = {isa = PBXFileReference; lastKnownFileType = text.plist.xml; name = "callistoTests-Info.plist"; path = "callistoTests/callistoTests-Info.plist"; sourceTree = "<group>"; };
		5310CB7D17BB42F7000CD782 /* en */ = {isa = PBXFileReference; lastKnownFileType = text.plist.strings; name = en; path = en.lproj/InfoPlist.strings; sourceTree = "<group>"; };
		5310CB7F17BB42F7000CD782 /* callistoTests.h */ = {isa = PBXFileReference; lastKnownFileType = sourcecode.c.h; path = callistoTests.h; sourceTree = "<group>"; };
		5310CB8017BB42F7000CD782 /* callistoTests.m */ = {isa = PBXFileReference; lastKnownFileType = sourcecode.c.objc; path = callistoTests.m; sourceTree = "<group>"; };
		5310CB8A17BB4ABC000CD782 /* cog.png */ = {isa = PBXFileReference; lastKnownFileType = image.png; name = cog.png; path = callisto/cog.png; sourceTree = "<group>"; };
		5324665B17C17E780098DE95 /* User.h */ = {isa = PBXFileReference; fileEncoding = 4; lastKnownFileType = sourcecode.c.h; path = User.h; sourceTree = "<group>"; };
		5324665C17C17E780098DE95 /* User.m */ = {isa = PBXFileReference; fileEncoding = 4; lastKnownFileType = sourcecode.c.objc; path = User.m; sourceTree = "<group>"; };
		535528C017C824D6001E336B /* UserRequest.h */ = {isa = PBXFileReference; fileEncoding = 4; lastKnownFileType = sourcecode.c.h; path = UserRequest.h; sourceTree = "<group>"; };
		535528C117C824D6001E336B /* UserRequest.m */ = {isa = PBXFileReference; fileEncoding = 4; lastKnownFileType = sourcecode.c.objc; path = UserRequest.m; sourceTree = "<group>"; };
		535528C317C82999001E336B /* Session.h */ = {isa = PBXFileReference; fileEncoding = 4; lastKnownFileType = sourcecode.c.h; path = Session.h; sourceTree = "<group>"; };
		535528C417C82999001E336B /* Session.m */ = {isa = PBXFileReference; fileEncoding = 4; lastKnownFileType = sourcecode.c.objc; path = Session.m; sourceTree = "<group>"; };
		5389BDF317BDB8A500FC8FBC /* MyActivitiesViewController.h */ = {isa = PBXFileReference; fileEncoding = 4; lastKnownFileType = sourcecode.c.h; path = MyActivitiesViewController.h; sourceTree = "<group>"; };
		5389BDF417BDB8A500FC8FBC /* MyActivitiesViewController.m */ = {isa = PBXFileReference; fileEncoding = 4; lastKnownFileType = sourcecode.c.objc; path = MyActivitiesViewController.m; sourceTree = "<group>"; };
		5389BDF617BDB8C900FC8FBC /* LoginViewController.h */ = {isa = PBXFileReference; fileEncoding = 4; lastKnownFileType = sourcecode.c.h; path = LoginViewController.h; sourceTree = "<group>"; };
		5389BDF717BDB8C900FC8FBC /* LoginViewController.m */ = {isa = PBXFileReference; fileEncoding = 4; lastKnownFileType = sourcecode.c.objc; path = LoginViewController.m; sourceTree = "<group>"; };
		5389BDFA17BE8A0800FC8FBC /* UserActivityCell.h */ = {isa = PBXFileReference; fileEncoding = 4; lastKnownFileType = sourcecode.c.h; path = UserActivityCell.h; sourceTree = "<group>"; };
		5389BDFB17BE8A0800FC8FBC /* UserActivityCell.m */ = {isa = PBXFileReference; fileEncoding = 4; lastKnownFileType = sourcecode.c.objc; path = UserActivityCell.m; sourceTree = "<group>"; };
		53BB307517C959450013C564 /* Activity.h */ = {isa = PBXFileReference; fileEncoding = 4; lastKnownFileType = sourcecode.c.h; path = Activity.h; sourceTree = "<group>"; };
		53BB307617C959450013C564 /* Activity.m */ = {isa = PBXFileReference; fileEncoding = 4; lastKnownFileType = sourcecode.c.objc; path = Activity.m; sourceTree = "<group>"; };
		53BB307817C964D30013C564 /* Globals.h */ = {isa = PBXFileReference; fileEncoding = 4; lastKnownFileType = sourcecode.c.h; path = Globals.h; sourceTree = "<group>"; };
		53BB307917C964D30013C564 /* Globals.m */ = {isa = PBXFileReference; fileEncoding = 4; lastKnownFileType = sourcecode.c.objc; path = Globals.m; sourceTree = "<group>"; };
		53BB307D17CA8D6A0013C564 /* callisto.xcdatamodel */ = {isa = PBXFileReference; lastKnownFileType = wrapper.xcdatamodel; path = callisto.xcdatamodel; sourceTree = "<group>"; };
		53CFA52617C098B000882E52 /* LoginRequest.h */ = {isa = PBXFileReference; fileEncoding = 4; lastKnownFileType = sourcecode.c.h; path = LoginRequest.h; sourceTree = "<group>"; };
		53CFA52717C098B000882E52 /* LoginRequest.m */ = {isa = PBXFileReference; fileEncoding = 4; lastKnownFileType = sourcecode.c.objc; path = LoginRequest.m; sourceTree = "<group>"; };
		53CFA53B17C099C500882E52 /* CFNetwork.framework */ = {isa = PBXFileReference; lastKnownFileType = wrapper.framework; name = CFNetwork.framework; path = System/Library/Frameworks/CFNetwork.framework; sourceTree = SDKROOT; };
		53CFA53D17C099CC00882E52 /* CoreData.framework */ = {isa = PBXFileReference; lastKnownFileType = wrapper.framework; name = CoreData.framework; path = System/Library/Frameworks/CoreData.framework; sourceTree = SDKROOT; };
		53CFA53F17C099EA00882E52 /* libxml2.dylib */ = {isa = PBXFileReference; lastKnownFileType = "compiled.mach-o.dylib"; name = libxml2.dylib; path = usr/lib/libxml2.dylib; sourceTree = SDKROOT; };
		53CFA54117C099F000882E52 /* MobileCoreServices.framework */ = {isa = PBXFileReference; lastKnownFileType = wrapper.framework; name = MobileCoreServices.framework; path = System/Library/Frameworks/MobileCoreServices.framework; sourceTree = SDKROOT; };
		53CFA54317C099F800882E52 /* QuartzCore.framework */ = {isa = PBXFileReference; lastKnownFileType = wrapper.framework; name = QuartzCore.framework; path = System/Library/Frameworks/QuartzCore.framework; sourceTree = SDKROOT; };
		53CFA54517C09A0000882E52 /* Security.framework */ = {isa = PBXFileReference; lastKnownFileType = wrapper.framework; name = Security.framework; path = System/Library/Frameworks/Security.framework; sourceTree = SDKROOT; };
		53CFA54717C09B2C00882E52 /* SystemConfiguration.framework */ = {isa = PBXFileReference; lastKnownFileType = wrapper.framework; name = SystemConfiguration.framework; path = System/Library/Frameworks/SystemConfiguration.framework; sourceTree = SDKROOT; };
		53FDBC7617C7ED3700BF32C5 /* Utility.h */ = {isa = PBXFileReference; fileEncoding = 4; lastKnownFileType = sourcecode.c.h; path = Utility.h; sourceTree = "<group>"; };
		53FDBC7717C7ED3700BF32C5 /* Utility.m */ = {isa = PBXFileReference; fileEncoding = 4; lastKnownFileType = sourcecode.c.objc; path = Utility.m; sourceTree = "<group>"; };
		53FDBC7917C8064100BF32C5 /* UserActivity.h */ = {isa = PBXFileReference; fileEncoding = 4; lastKnownFileType = sourcecode.c.h; path = UserActivity.h; sourceTree = "<group>"; };
		53FDBC7A17C8064100BF32C5 /* UserActivity.m */ = {isa = PBXFileReference; fileEncoding = 4; lastKnownFileType = sourcecode.c.objc; path = UserActivity.m; sourceTree = "<group>"; };
		53FDBC7C17C8067000BF32C5 /* UserActivityViewController.h */ = {isa = PBXFileReference; fileEncoding = 4; lastKnownFileType = sourcecode.c.h; path = UserActivityViewController.h; sourceTree = "<group>"; };
		53FDBC7D17C8067000BF32C5 /* UserActivityViewController.m */ = {isa = PBXFileReference; fileEncoding = 4; lastKnownFileType = sourcecode.c.objc; path = UserActivityViewController.m; sourceTree = "<group>"; };
		53FDBC7F17C80FD400BF32C5 /* ActivityViewController.h */ = {isa = PBXFileReference; fileEncoding = 4; lastKnownFileType = sourcecode.c.h; path = ActivityViewController.h; sourceTree = "<group>"; };
		53FDBC8017C80FD400BF32C5 /* ActivityViewController.m */ = {isa = PBXFileReference; fileEncoding = 4; lastKnownFileType = sourcecode.c.objc; path = ActivityViewController.m; sourceTree = "<group>"; };
		53FDBC8217C80FE200BF32C5 /* UserViewController.h */ = {isa = PBXFileReference; fileEncoding = 4; lastKnownFileType = sourcecode.c.h; path = UserViewController.h; sourceTree = "<group>"; };
		53FDBC8317C80FE200BF32C5 /* UserViewController.m */ = {isa = PBXFileReference; fileEncoding = 4; lastKnownFileType = sourcecode.c.objc; path = UserViewController.m; sourceTree = "<group>"; };
		53FDBC8517C810DD00BF32C5 /* SettingsViewController.h */ = {isa = PBXFileReference; fileEncoding = 4; lastKnownFileType = sourcecode.c.h; path = SettingsViewController.h; sourceTree = "<group>"; };
		53FDBC8617C810DD00BF32C5 /* SettingsViewController.m */ = {isa = PBXFileReference; fileEncoding = 4; lastKnownFileType = sourcecode.c.objc; path = SettingsViewController.m; sourceTree = "<group>"; };
		61EFA3112A8A4E618F907D55 /* Pods.xcconfig */ = {isa = PBXFileReference; includeInIndex = 1; lastKnownFileType = text.xcconfig; name = Pods.xcconfig; path = Pods/Pods.xcconfig; sourceTree = SOURCE_ROOT; };
/* End PBXFileReference section */

/* Begin PBXFrameworksBuildPhase section */
		5310CB3B17BB42F6000CD782 /* Frameworks */ = {
			isa = PBXFrameworksBuildPhase;
			buildActionMask = 2147483647;
			files = (
				53CFA54817C09B2C00882E52 /* SystemConfiguration.framework in Frameworks */,
				53CFA54617C09A0000882E52 /* Security.framework in Frameworks */,
				53CFA54417C099F800882E52 /* QuartzCore.framework in Frameworks */,
				53CFA54217C099F000882E52 /* MobileCoreServices.framework in Frameworks */,
				53CFA54017C099EA00882E52 /* libxml2.dylib in Frameworks */,
				53CFA53E17C099CC00882E52 /* CoreData.framework in Frameworks */,
				53CFA53C17C099C500882E52 /* CFNetwork.framework in Frameworks */,
				5310CB4217BB42F6000CD782 /* UIKit.framework in Frameworks */,
				5310CB4417BB42F6000CD782 /* Foundation.framework in Frameworks */,
				5310CB4617BB42F6000CD782 /* CoreGraphics.framework in Frameworks */,
				288F76FEE0A642E9880244DF /* libPods.a in Frameworks */,
			);
			runOnlyForDeploymentPostprocessing = 0;
		};
		5310CB6E17BB42F7000CD782 /* Frameworks */ = {
			isa = PBXFrameworksBuildPhase;
			buildActionMask = 2147483647;
			files = (
				5310CB7417BB42F7000CD782 /* SenTestingKit.framework in Frameworks */,
				5310CB7517BB42F7000CD782 /* UIKit.framework in Frameworks */,
				5310CB7617BB42F7000CD782 /* Foundation.framework in Frameworks */,
			);
			runOnlyForDeploymentPostprocessing = 0;
		};
/* End PBXFrameworksBuildPhase section */

/* Begin PBXGroup section */
		5310CB3517BB42F6000CD782 = {
			isa = PBXGroup;
			children = (
				53CFA52517C0980900882E52 /* Resources */,
				5310CB4717BB42F6000CD782 /* callisto */,
				5310CB7917BB42F7000CD782 /* callistoTests */,
				5310CB4017BB42F6000CD782 /* Frameworks */,
				5310CB3F17BB42F6000CD782 /* Products */,
				61EFA3112A8A4E618F907D55 /* Pods.xcconfig */,
			);
			sourceTree = "<group>";
		};
		5310CB3F17BB42F6000CD782 /* Products */ = {
			isa = PBXGroup;
			children = (
				5310CB3E17BB42F6000CD782 /* callisto.app */,
				5310CB7217BB42F7000CD782 /* callistoTests.octest */,
			);
			name = Products;
			sourceTree = "<group>";
		};
		5310CB4017BB42F6000CD782 /* Frameworks */ = {
			isa = PBXGroup;
			children = (
				53CFA54717C09B2C00882E52 /* SystemConfiguration.framework */,
				53CFA54517C09A0000882E52 /* Security.framework */,
				53CFA54317C099F800882E52 /* QuartzCore.framework */,
				53CFA54117C099F000882E52 /* MobileCoreServices.framework */,
				53CFA53F17C099EA00882E52 /* libxml2.dylib */,
				53CFA53D17C099CC00882E52 /* CoreData.framework */,
				53CFA53B17C099C500882E52 /* CFNetwork.framework */,
				5310CB4117BB42F6000CD782 /* UIKit.framework */,
				5310CB4317BB42F6000CD782 /* Foundation.framework */,
				5310CB4517BB42F6000CD782 /* CoreGraphics.framework */,
				5310CB7317BB42F7000CD782 /* SenTestingKit.framework */,
				38A962F720E1426E97B20A22 /* libPods.a */,
			);
			name = Frameworks;
			sourceTree = "<group>";
		};
		5310CB4717BB42F6000CD782 /* callisto */ = {
			isa = PBXGroup;
			children = (
				53BB307B17CA8D2E0013C564 /* coredata */,
				53FDBC7517C7ED2200BF32C5 /* utils */,
				53CFA54917C16BB100882E52 /* models */,
				53CFA52017C0970500882E52 /* requests */,
				5389BDF217BDB85700FC8FBC /* views */,
				5310CB5017BB42F6000CD782 /* AppDelegate.h */,
				5310CB5117BB42F6000CD782 /* AppDelegate.m */,
				5310CB5917BB42F6000CD782 /* MainStoryboard_iPhone.storyboard */,
				5310CB5C17BB42F6000CD782 /* MainStoryboard_iPad.storyboard */,
				53BB307817C964D30013C564 /* Globals.h */,
				53BB307917C964D30013C564 /* Globals.m */,
			);
			path = callisto;
			sourceTree = "<group>";
		};
		5310CB7917BB42F7000CD782 /* callistoTests */ = {
			isa = PBXGroup;
			children = (
				5310CB7F17BB42F7000CD782 /* callistoTests.h */,
				5310CB8017BB42F7000CD782 /* callistoTests.m */,
			);
			path = callistoTests;
			sourceTree = "<group>";
		};
		5389BDF217BDB85700FC8FBC /* views */ = {
			isa = PBXGroup;
			children = (
				5389BDF917BE89DB00FC8FBC /* cells */,
				5389BDF317BDB8A500FC8FBC /* MyActivitiesViewController.h */,
				5389BDF417BDB8A500FC8FBC /* MyActivitiesViewController.m */,
				5389BDF617BDB8C900FC8FBC /* LoginViewController.h */,
				5389BDF717BDB8C900FC8FBC /* LoginViewController.m */,
				53FDBC7C17C8067000BF32C5 /* UserActivityViewController.h */,
				53FDBC7D17C8067000BF32C5 /* UserActivityViewController.m */,
				53FDBC7F17C80FD400BF32C5 /* ActivityViewController.h */,
				53FDBC8017C80FD400BF32C5 /* ActivityViewController.m */,
				53FDBC8217C80FE200BF32C5 /* UserViewController.h */,
				53FDBC8317C80FE200BF32C5 /* UserViewController.m */,
				53FDBC8517C810DD00BF32C5 /* SettingsViewController.h */,
				53FDBC8617C810DD00BF32C5 /* SettingsViewController.m */,
			);
			name = views;
			sourceTree = "<group>";
		};
		5389BDF917BE89DB00FC8FBC /* cells */ = {
			isa = PBXGroup;
			children = (
				5389BDFA17BE8A0800FC8FBC /* UserActivityCell.h */,
				5389BDFB17BE8A0800FC8FBC /* UserActivityCell.m */,
			);
			name = cells;
			sourceTree = "<group>";
		};
		53BB307B17CA8D2E0013C564 /* coredata */ = {
			isa = PBXGroup;
			children = (
				53BB307C17CA8D6A0013C564 /* callisto.xcdatamodeld */,
			);
			name = coredata;
			sourceTree = "<group>";
		};
		53CFA52017C0970500882E52 /* requests */ = {
			isa = PBXGroup;
			children = (
				53CFA52617C098B000882E52 /* LoginRequest.h */,
				53CFA52717C098B000882E52 /* LoginRequest.m */,
				53092ECC17C29D5F004AF5D1 /* ActivitiesRequest.h */,
				53092ECD17C29D5F004AF5D1 /* ActivitiesRequest.m */,
				535528C017C824D6001E336B /* UserRequest.h */,
				535528C117C824D6001E336B /* UserRequest.m */,
			);
			name = requests;
			sourceTree = "<group>";
		};
		53CFA52517C0980900882E52 /* Resources */ = {
			isa = PBXGroup;
			children = (
				5310CB7B17BB42F7000CD782 /* callistoTests-Info.plist */,
				5310CB7C17BB42F7000CD782 /* InfoPlist.strings */,
				5310CB8A17BB4ABC000CD782 /* cog.png */,
				5310CB6217BB42F6000CD782 /* first.png */,
				5310CB6417BB42F6000CD782 /* first@2x.png */,
				5310CB6917BB42F6000CD782 /* second.png */,
				5310CB6B17BB42F6000CD782 /* second@2x.png */,
				5310CB4917BB42F6000CD782 /* callisto-Info.plist */,
				5310CB4A17BB42F6000CD782 /* InfoPlist.strings */,
				5310CB4D17BB42F6000CD782 /* main.m */,
				5310CB4F17BB42F6000CD782 /* callisto-Prefix.pch */,
				5310CB5317BB42F6000CD782 /* Default.png */,
				5310CB5517BB42F6000CD782 /* Default@2x.png */,
				5310CB5717BB42F6000CD782 /* Default-568h@2x.png */,
			);
			name = Resources;
			sourceTree = "<group>";
		};
		53CFA54917C16BB100882E52 /* models */ = {
			isa = PBXGroup;
			children = (
				5324665B17C17E780098DE95 /* User.h */,
				5324665C17C17E780098DE95 /* User.m */,
				53FDBC7917C8064100BF32C5 /* UserActivity.h */,
				53FDBC7A17C8064100BF32C5 /* UserActivity.m */,
				53BB307517C959450013C564 /* Activity.h */,
				53BB307617C959450013C564 /* Activity.m */,
			);
			name = models;
			sourceTree = "<group>";
		};
		53FDBC7517C7ED2200BF32C5 /* utils */ = {
			isa = PBXGroup;
			children = (
				53FDBC7617C7ED3700BF32C5 /* Utility.h */,
				53FDBC7717C7ED3700BF32C5 /* Utility.m */,
				535528C317C82999001E336B /* Session.h */,
				535528C417C82999001E336B /* Session.m */,
			);
			name = utils;
			sourceTree = "<group>";
		};
/* End PBXGroup section */

/* Begin PBXNativeTarget section */
		5310CB3D17BB42F6000CD782 /* callisto */ = {
			isa = PBXNativeTarget;
			buildConfigurationList = 5310CB8417BB42F7000CD782 /* Build configuration list for PBXNativeTarget "callisto" */;
			buildPhases = (
				E6BB7B7FB7224D1CBD89B649 /* Check Pods Manifest.lock */,
				5310CB3A17BB42F6000CD782 /* Sources */,
				5310CB3B17BB42F6000CD782 /* Frameworks */,
				5310CB3C17BB42F6000CD782 /* Resources */,
				48E387351C084ADCA52C60F2 /* Copy Pods Resources */,
			);
			buildRules = (
			);
			dependencies = (
			);
			name = callisto;
			productName = callisto;
			productReference = 5310CB3E17BB42F6000CD782 /* callisto.app */;
			productType = "com.apple.product-type.application";
		};
		5310CB7117BB42F7000CD782 /* callistoTests */ = {
			isa = PBXNativeTarget;
			buildConfigurationList = 5310CB8717BB42F7000CD782 /* Build configuration list for PBXNativeTarget "callistoTests" */;
			buildPhases = (
				5310CB6D17BB42F7000CD782 /* Sources */,
				5310CB6E17BB42F7000CD782 /* Frameworks */,
				5310CB6F17BB42F7000CD782 /* Resources */,
				5310CB7017BB42F7000CD782 /* ShellScript */,
			);
			buildRules = (
			);
			dependencies = (
				5310CB7817BB42F7000CD782 /* PBXTargetDependency */,
			);
			name = callistoTests;
			productName = callistoTests;
			productReference = 5310CB7217BB42F7000CD782 /* callistoTests.octest */;
			productType = "com.apple.product-type.bundle";
		};
/* End PBXNativeTarget section */

/* Begin PBXProject section */
		5310CB3617BB42F6000CD782 /* Project object */ = {
			isa = PBXProject;
			attributes = {
				LastUpgradeCheck = 0460;
				ORGANIZATIONNAME = Callisto;
			};
			buildConfigurationList = 5310CB3917BB42F6000CD782 /* Build configuration list for PBXProject "callisto" */;
			compatibilityVersion = "Xcode 3.2";
			developmentRegion = English;
			hasScannedForEncodings = 0;
			knownRegions = (
				en,
			);
			mainGroup = 5310CB3517BB42F6000CD782;
			productRefGroup = 5310CB3F17BB42F6000CD782 /* Products */;
			projectDirPath = "";
			projectRoot = "";
			targets = (
				5310CB3D17BB42F6000CD782 /* callisto */,
				5310CB7117BB42F7000CD782 /* callistoTests */,
			);
		};
/* End PBXProject section */

/* Begin PBXResourcesBuildPhase section */
		5310CB3C17BB42F6000CD782 /* Resources */ = {
			isa = PBXResourcesBuildPhase;
			buildActionMask = 2147483647;
			files = (
				5310CB4C17BB42F6000CD782 /* InfoPlist.strings in Resources */,
				5310CB5417BB42F6000CD782 /* Default.png in Resources */,
				5310CB5617BB42F6000CD782 /* Default@2x.png in Resources */,
				5310CB5817BB42F6000CD782 /* Default-568h@2x.png in Resources */,
				5310CB5B17BB42F6000CD782 /* MainStoryboard_iPhone.storyboard in Resources */,
				5310CB5E17BB42F6000CD782 /* MainStoryboard_iPad.storyboard in Resources */,
				5310CB6317BB42F6000CD782 /* first.png in Resources */,
				5310CB6517BB42F6000CD782 /* first@2x.png in Resources */,
				5310CB6A17BB42F6000CD782 /* second.png in Resources */,
				5310CB6C17BB42F6000CD782 /* second@2x.png in Resources */,
				5310CB8B17BB4ABC000CD782 /* cog.png in Resources */,
			);
			runOnlyForDeploymentPostprocessing = 0;
		};
		5310CB6F17BB42F7000CD782 /* Resources */ = {
			isa = PBXResourcesBuildPhase;
			buildActionMask = 2147483647;
			files = (
				5310CB7E17BB42F7000CD782 /* InfoPlist.strings in Resources */,
			);
			runOnlyForDeploymentPostprocessing = 0;
		};
/* End PBXResourcesBuildPhase section */

/* Begin PBXShellScriptBuildPhase section */
		48E387351C084ADCA52C60F2 /* Copy Pods Resources */ = {
			isa = PBXShellScriptBuildPhase;
			buildActionMask = 2147483647;
			files = (
			);
			inputPaths = (
			);
			name = "Copy Pods Resources";
			outputPaths = (
			);
			runOnlyForDeploymentPostprocessing = 0;
			shellPath = /bin/sh;
			shellScript = "\"${SRCROOT}/Pods/Pods-resources.sh\"\n";
			showEnvVarsInLog = 0;
		};
		5310CB7017BB42F7000CD782 /* ShellScript */ = {
			isa = PBXShellScriptBuildPhase;
			buildActionMask = 2147483647;
			files = (
			);
			inputPaths = (
			);
			outputPaths = (
			);
			runOnlyForDeploymentPostprocessing = 0;
			shellPath = /bin/sh;
			shellScript = "# Run the unit tests in this test bundle.\n\"${SYSTEM_DEVELOPER_DIR}/Tools/RunUnitTests\"\n";
		};
		E6BB7B7FB7224D1CBD89B649 /* Check Pods Manifest.lock */ = {
			isa = PBXShellScriptBuildPhase;
			buildActionMask = 2147483647;
			files = (
			);
			inputPaths = (
			);
			name = "Check Pods Manifest.lock";
			outputPaths = (
			);
			runOnlyForDeploymentPostprocessing = 0;
			shellPath = /bin/sh;
			shellScript = "diff \"${PODS_ROOT}/../Podfile.lock\" \"${PODS_ROOT}/Manifest.lock\" > /dev/null\nif [[ $? != 0 ]] ; then\n    cat << EOM\nerror: The sandbox is not in sync with the Podfile.lock. Run 'pod install' or update your CocoaPods installation.\nEOM\n    exit 1\nfi\n";
			showEnvVarsInLog = 0;
		};
/* End PBXShellScriptBuildPhase section */

/* Begin PBXSourcesBuildPhase section */
		5310CB3A17BB42F6000CD782 /* Sources */ = {
			isa = PBXSourcesBuildPhase;
			buildActionMask = 2147483647;
			files = (
				5310CB4E17BB42F6000CD782 /* main.m in Sources */,
				5310CB5217BB42F6000CD782 /* AppDelegate.m in Sources */,
				5389BDF517BDB8A500FC8FBC /* MyActivitiesViewController.m in Sources */,
				5389BDF817BDB8C900FC8FBC /* LoginViewController.m in Sources */,
				5389BDFC17BE8A0800FC8FBC /* UserActivityCell.m in Sources */,
				53CFA52817C098B000882E52 /* LoginRequest.m in Sources */,
				5324665D17C17E780098DE95 /* User.m in Sources */,
				53092ECE17C29D5F004AF5D1 /* ActivitiesRequest.m in Sources */,
				53FDBC7817C7ED3700BF32C5 /* Utility.m in Sources */,
				53FDBC7B17C8064100BF32C5 /* UserActivity.m in Sources */,
				53FDBC7E17C8067000BF32C5 /* UserActivityViewController.m in Sources */,
				53FDBC8117C80FD400BF32C5 /* ActivityViewController.m in Sources */,
				53FDBC8417C80FE200BF32C5 /* UserViewController.m in Sources */,
				53FDBC8717C810DD00BF32C5 /* SettingsViewController.m in Sources */,
				535528C217C824D6001E336B /* UserRequest.m in Sources */,
				535528C517C82999001E336B /* Session.m in Sources */,
				53BB307717C959450013C564 /* Activity.m in Sources */,
				53BB307A17C964D30013C564 /* Globals.m in Sources */,
				53BB307E17CA8D6A0013C564 /* callisto.xcdatamodeld in Sources */,
			);
			runOnlyForDeploymentPostprocessing = 0;
		};
		5310CB6D17BB42F7000CD782 /* Sources */ = {
			isa = PBXSourcesBuildPhase;
			buildActionMask = 2147483647;
			files = (
				5310CB8117BB42F7000CD782 /* callistoTests.m in Sources */,
			);
			runOnlyForDeploymentPostprocessing = 0;
		};
/* End PBXSourcesBuildPhase section */

/* Begin PBXTargetDependency section */
		5310CB7817BB42F7000CD782 /* PBXTargetDependency */ = {
			isa = PBXTargetDependency;
			target = 5310CB3D17BB42F6000CD782 /* callisto */;
			targetProxy = 5310CB7717BB42F7000CD782 /* PBXContainerItemProxy */;
		};
/* End PBXTargetDependency section */

/* Begin PBXVariantGroup section */
		5310CB4A17BB42F6000CD782 /* InfoPlist.strings */ = {
			isa = PBXVariantGroup;
			children = (
				5310CB4B17BB42F6000CD782 /* en */,
			);
			name = InfoPlist.strings;
			path = callisto;
			sourceTree = "<group>";
		};
		5310CB5917BB42F6000CD782 /* MainStoryboard_iPhone.storyboard */ = {
			isa = PBXVariantGroup;
			children = (
				5310CB5A17BB42F6000CD782 /* en */,
			);
			name = MainStoryboard_iPhone.storyboard;
			sourceTree = "<group>";
		};
		5310CB5C17BB42F6000CD782 /* MainStoryboard_iPad.storyboard */ = {
			isa = PBXVariantGroup;
			children = (
				5310CB5D17BB42F6000CD782 /* en */,
			);
			name = MainStoryboard_iPad.storyboard;
			sourceTree = "<group>";
		};
		5310CB7C17BB42F7000CD782 /* InfoPlist.strings */ = {
			isa = PBXVariantGroup;
			children = (
				5310CB7D17BB42F7000CD782 /* en */,
			);
			name = InfoPlist.strings;
			path = callistoTests;
			sourceTree = "<group>";
		};
/* End PBXVariantGroup section */

/* Begin XCBuildConfiguration section */
		5310CB8217BB42F7000CD782 /* Debug */ = {
			isa = XCBuildConfiguration;
			buildSettings = {
				ALWAYS_SEARCH_USER_PATHS = NO;
				CLANG_CXX_LANGUAGE_STANDARD = "gnu++0x";
				CLANG_CXX_LIBRARY = "libc++";
				CLANG_ENABLE_OBJC_ARC = YES;
				CLANG_WARN_CONSTANT_CONVERSION = YES;
				CLANG_WARN_EMPTY_BODY = YES;
				CLANG_WARN_ENUM_CONVERSION = YES;
				CLANG_WARN_INT_CONVERSION = YES;
				CLANG_WARN__DUPLICATE_METHOD_MATCH = YES;
				"CODE_SIGN_IDENTITY[sdk=iphoneos*]" = "iPhone Developer";
				COPY_PHASE_STRIP = NO;
				GCC_C_LANGUAGE_STANDARD = gnu99;
				GCC_DYNAMIC_NO_PIC = NO;
				GCC_OPTIMIZATION_LEVEL = 0;
				GCC_PREPROCESSOR_DEFINITIONS = (
					"DEBUG=1",
					"$(inherited)",
				);
				GCC_SYMBOLS_PRIVATE_EXTERN = NO;
				GCC_WARN_ABOUT_RETURN_TYPE = YES;
				GCC_WARN_UNINITIALIZED_AUTOS = YES;
				GCC_WARN_UNUSED_VARIABLE = YES;
				IPHONEOS_DEPLOYMENT_TARGET = 6.1;
				ONLY_ACTIVE_ARCH = YES;
				SDKROOT = iphoneos;
				TARGETED_DEVICE_FAMILY = "1,2";
			};
			name = Debug;
		};
		5310CB8317BB42F7000CD782 /* Release */ = {
			isa = XCBuildConfiguration;
			buildSettings = {
				ALWAYS_SEARCH_USER_PATHS = NO;
				CLANG_CXX_LANGUAGE_STANDARD = "gnu++0x";
				CLANG_CXX_LIBRARY = "libc++";
				CLANG_ENABLE_OBJC_ARC = YES;
				CLANG_WARN_CONSTANT_CONVERSION = YES;
				CLANG_WARN_EMPTY_BODY = YES;
				CLANG_WARN_ENUM_CONVERSION = YES;
				CLANG_WARN_INT_CONVERSION = YES;
				CLANG_WARN__DUPLICATE_METHOD_MATCH = YES;
				"CODE_SIGN_IDENTITY[sdk=iphoneos*]" = "iPhone Developer";
				COPY_PHASE_STRIP = YES;
				GCC_C_LANGUAGE_STANDARD = gnu99;
				GCC_WARN_ABOUT_RETURN_TYPE = YES;
				GCC_WARN_UNINITIALIZED_AUTOS = YES;
				GCC_WARN_UNUSED_VARIABLE = YES;
				IPHONEOS_DEPLOYMENT_TARGET = 6.1;
				OTHER_CFLAGS = "-DNS_BLOCK_ASSERTIONS=1";
				SDKROOT = iphoneos;
				TARGETED_DEVICE_FAMILY = "1,2";
				VALIDATE_PRODUCT = YES;
			};
			name = Release;
		};
		5310CB8517BB42F7000CD782 /* Debug */ = {
			isa = XCBuildConfiguration;
			baseConfigurationReference = 61EFA3112A8A4E618F907D55 /* Pods.xcconfig */;
			buildSettings = {
				GCC_PRECOMPILE_PREFIX_HEADER = YES;
				GCC_PREFIX_HEADER = "callisto/callisto-Prefix.pch";
				HEADER_SEARCH_PATHS = "$(inherited)/**";
				INFOPLIST_FILE = "callisto/callisto-Info.plist";
				OTHER_LDFLAGS = "$(inherited)";
				PRODUCT_NAME = "$(TARGET_NAME)";
				VALID_ARCHS = "Standard (armv7)";
				WRAPPER_EXTENSION = app;
			};
			name = Debug;
		};
		5310CB8617BB42F7000CD782 /* Release */ = {
			isa = XCBuildConfiguration;
			baseConfigurationReference = 61EFA3112A8A4E618F907D55 /* Pods.xcconfig */;
			buildSettings = {
				GCC_PRECOMPILE_PREFIX_HEADER = YES;
				GCC_PREFIX_HEADER = "callisto/callisto-Prefix.pch";
				HEADER_SEARCH_PATHS = "$(inherited)/**";
				INFOPLIST_FILE = "callisto/callisto-Info.plist";
				OTHER_LDFLAGS = "$(inherited)";
				PRODUCT_NAME = "$(TARGET_NAME)";
				VALID_ARCHS = "Standard (armv7)";
				WRAPPER_EXTENSION = app;
			};
			name = Release;
		};
		5310CB8817BB42F7000CD782 /* Debug */ = {
			isa = XCBuildConfiguration;
			buildSettings = {
				BUNDLE_LOADER = "$(BUILT_PRODUCTS_DIR)/callisto.app/callisto";
				FRAMEWORK_SEARCH_PATHS = (
					"\"$(SDKROOT)/Developer/Library/Frameworks\"",
					"\"$(DEVELOPER_LIBRARY_DIR)/Frameworks\"",
				);
				GCC_PRECOMPILE_PREFIX_HEADER = YES;
				GCC_PREFIX_HEADER = "callisto/callisto-Prefix.pch";
				INFOPLIST_FILE = "callistoTests/callistoTests-Info.plist";
				PRODUCT_NAME = "$(TARGET_NAME)";
				TEST_HOST = "$(BUNDLE_LOADER)";
				WRAPPER_EXTENSION = octest;
			};
			name = Debug;
		};
		5310CB8917BB42F7000CD782 /* Release */ = {
			isa = XCBuildConfiguration;
			buildSettings = {
				BUNDLE_LOADER = "$(BUILT_PRODUCTS_DIR)/callisto.app/callisto";
				FRAMEWORK_SEARCH_PATHS = (
					"\"$(SDKROOT)/Developer/Library/Frameworks\"",
					"\"$(DEVELOPER_LIBRARY_DIR)/Frameworks\"",
				);
				GCC_PRECOMPILE_PREFIX_HEADER = YES;
				GCC_PREFIX_HEADER = "callisto/callisto-Prefix.pch";
				INFOPLIST_FILE = "callistoTests/callistoTests-Info.plist";
				PRODUCT_NAME = "$(TARGET_NAME)";
				TEST_HOST = "$(BUNDLE_LOADER)";
				WRAPPER_EXTENSION = octest;
			};
			name = Release;
		};
/* End XCBuildConfiguration section */

/* Begin XCConfigurationList section */
		5310CB3917BB42F6000CD782 /* Build configuration list for PBXProject "callisto" */ = {
			isa = XCConfigurationList;
			buildConfigurations = (
				5310CB8217BB42F7000CD782 /* Debug */,
				5310CB8317BB42F7000CD782 /* Release */,
			);
			defaultConfigurationIsVisible = 0;
			defaultConfigurationName = Release;
		};
		5310CB8417BB42F7000CD782 /* Build configuration list for PBXNativeTarget "callisto" */ = {
			isa = XCConfigurationList;
			buildConfigurations = (
				5310CB8517BB42F7000CD782 /* Debug */,
				5310CB8617BB42F7000CD782 /* Release */,
			);
			defaultConfigurationIsVisible = 0;
			defaultConfigurationName = Release;
		};
		5310CB8717BB42F7000CD782 /* Build configuration list for PBXNativeTarget "callistoTests" */ = {
			isa = XCConfigurationList;
			buildConfigurations = (
				5310CB8817BB42F7000CD782 /* Debug */,
				5310CB8917BB42F7000CD782 /* Release */,
			);
			defaultConfigurationIsVisible = 0;
			defaultConfigurationName = Release;
		};
/* End XCConfigurationList section */

/* Begin XCVersionGroup section */
		53BB307C17CA8D6A0013C564 /* callisto.xcdatamodeld */ = {
			isa = XCVersionGroup;
			children = (
				53BB307D17CA8D6A0013C564 /* callisto.xcdatamodel */,
			);
			currentVersion = 53BB307D17CA8D6A0013C564 /* callisto.xcdatamodel */;
			path = callisto.xcdatamodeld;
			sourceTree = "<group>";
			versionGroupType = wrapper.xcdatamodel;
		};
/* End XCVersionGroup section */
	};
	rootObject = 5310CB3617BB42F6000CD782 /* Project object */;
}
